
Microsoft Visual Studio Solution File, Format Version 12.00
# Visual Studio Version 17
VisualStudioVersion = 17.9.34728.123
MinimumVisualStudioVersion = 10.0.40219.1
Project("{FAE04EC0-301F-11D3-BF4B-00C04F79EFBC}") = "RestaurantManagermentSystem", "RestaurantManagermentSystem\RestaurantManagermentSystem.csproj", "{C42C1E17-BBEC-4E45-883B-70612D09EA2B}"
EndProject
Global
	GlobalSection(SolutionConfigurationPlatforms) = preSolution
		Debug|Any CPU = Debug|Any CPU
		Release|Any CPU = Release|Any CPU
	EndGlobalSection
	GlobalSection(ProjectConfigurationPlatforms) = postSolution
		{C42C1E17-BBEC-4E45-883B-70612D09EA2B}.Debug|Any CPU.ActiveCfg = Debug|Any CPU
		{C42C1E17-BBEC-4E45-883B-70612D09EA2B}.Debug|Any CPU.Build.0 = Debug|Any CPU
		{C42C1E17-BBEC-4E45-883B-70612D09EA2B}.Release|Any CPU.ActiveCfg = Release|Any CPU
		{C42C1E17-BBEC-4E45-883B-70612D09EA2B}.Release|Any CPU.Build.0 = Release|Any CPU
	EndGlobalSection
	GlobalSection(SolutionProperties) = preSolution
		HideSolutionNode = FALSE
	EndGlobalSection
	GlobalSection(ExtensibilityGlobals) = postSolution
		SolutionGuid = {A4B6F4BE-EBA9-43BE-A81F-205A1DF9D595}
	EndGlobalSection
EndGlobal
